// !$*UTF8*$!
{
	archiveVersion = 1;
	classes = {
	};
	objectVersion = 56;
	objects = {

/* Begin PBXBuildFile section */
		C001000000000000000001AA /* CentralMosqueRochdaleApp.swift in Sources */ = {isa = PBXBuildFile; fileRef = C001000000000000000001BB /* CentralMosqueRochdaleApp.swift */; };
		C001000000000000000001CC /* ContentView.swift in Sources */ = {isa = PBXBuildFile; fileRef = C001000000000000000001DD /* ContentView.swift */; };
		C001000000000000000001EE /* Assets.xcassets in Resources */ = {isa = PBXBuildFile; fileRef = C001000000000000000001FF /* Assets.xcassets */; };
		C001000000000000000002AA /* Preview Assets.xcassets in Resources */ = {isa = PBXBuildFile; fileRef = C001000000000000000002BB /* Preview Assets.xcassets */; };
		F3A0A2192EC55A660010F99D /* PrayerTimes2025.json in Resources */ = {isa = PBXBuildFile; fileRef = F3A0A2172EC55A660010F99D /* PrayerTimes2025.json */; };
		F3A0A2222EC5F0550010F99D /* EventSubscriptionView.swift in Sources */ = {isa = PBXBuildFile; fileRef = F3A0A21B2EC5F0550010F99D /* EventSubscriptionView.swift */; };
		F3A0A2232EC5F0550010F99D /* NotificationSettingsView.swift in Sources */ = {isa = PBXBuildFile; fileRef = F3A0A21D2EC5F0550010F99D /* NotificationSettingsView.swift */; };
		F3A0A2242EC5F0550010F99D /* SettingsView.swift in Sources */ = {isa = PBXBuildFile; fileRef = F3A0A2202EC5F0550010F99D /* SettingsView.swift */; };
		F3A0A2252EC5F0550010F99D /* PrayerTimesView.swift in Sources */ = {isa = PBXBuildFile; fileRef = F3A0A21E2EC5F0550010F99D /* PrayerTimesView.swift */; };
		F3A0A2262EC5F0550010F99D /* MosqueEventsView.swift in Sources */ = {isa = PBXBuildFile; fileRef = F3A0A21C2EC5F0550010F99D /* MosqueEventsView.swift */; };
		F3A0A2272EC5F0550010F99D /* DonationView.swift in Sources */ = {isa = PBXBuildFile; fileRef = F3A0A21A2EC5F0550010F99D /* DonationView.swift */; };
		F3A0A2282EC5F0550010F99D /* QiblaCompassView.swift in Sources */ = {isa = PBXBuildFile; fileRef = F3A0A21F2EC5F0550010F99D /* QiblaCompassView.swift */; };
		F3E183CE2EC5F611002BFDB9 /* ThemeManager.swift in Sources */ = {isa = PBXBuildFile; fileRef = F3E183CC2EC5F610002BFDB9 /* ThemeManager.swift */; };
		F3E183D02EC6079D002BFDB9 /* MosqueEvents2025.json in Resources */ = {isa = PBXBuildFile; fileRef = F3E183CF2EC6079D002BFDB9 /* MosqueEvents2025.json */; };
		F3E183D22EC60FB4002BFDB9 /* DonationProjects.json in Resources */ = {isa = PBXBuildFile; fileRef = F3E183D12EC60FB4002BFDB9 /* DonationProjects.json */; };
		F3E183D42EC7744E002BFDB9 /* ExternalLinksView.swift in Sources */ = {isa = PBXBuildFile; fileRef = F3E183D32EC7744E002BFDB9 /* ExternalLinksView.swift */; };
/* End PBXBuildFile section */

/* Begin PBXFileReference section */
		C001000000000000000001BB /* CentralMosqueRochdaleApp.swift */ = {isa = PBXFileReference; lastKnownFileType = sourcecode.swift; path = CentralMosqueRochdaleApp.swift; sourceTree = "<group>"; };
		C001000000000000000001DD /* ContentView.swift */ = {isa = PBXFileReference; lastKnownFileType = sourcecode.swift; path = ContentView.swift; sourceTree = "<group>"; };
		C001000000000000000001FF /* Assets.xcassets */ = {isa = PBXFileReference; lastKnownFileType = folder.assetcatalog; path = Assets.xcassets; sourceTree = "<group>"; };
		C001000000000000000002BB /* Preview Assets.xcassets */ = {isa = PBXFileReference; lastKnownFileType = folder.assetcatalog; path = "Preview Assets.xcassets"; sourceTree = "<group>"; };
		C001000000000000000003AA /* CentralMosqueRochdale.app */ = {isa = PBXFileReference; explicitFileType = wrapper.application; includeInIndex = 0; path = CentralMosqueRochdale.app; sourceTree = BUILT_PRODUCTS_DIR; };
		C001000000000000000003CC /* Info.plist */ = {isa = PBXFileReference; lastKnownFileType = text.plist.xml; path = Info.plist; sourceTree = "<group>"; };
		F3A0A2172EC55A660010F99D /* PrayerTimes2025.json */ = {isa = PBXFileReference; lastKnownFileType = text.json; path = PrayerTimes2025.json; sourceTree = "<group>"; };
		F3A0A21A2EC5F0550010F99D /* DonationView.swift */ = {isa = PBXFileReference; lastKnownFileType = sourcecode.swift; path = DonationView.swift; sourceTree = "<group>"; };
		F3A0A21B2EC5F0550010F99D /* EventSubscriptionView.swift */ = {isa = PBXFileReference; lastKnownFileType = sourcecode.swift; path = EventSubscriptionView.swift; sourceTree = "<group>"; };
		F3A0A21C2EC5F0550010F99D /* MosqueEventsView.swift */ = {isa = PBXFileReference; lastKnownFileType = sourcecode.swift; path = MosqueEventsView.swift; sourceTree = "<group>"; };
		F3A0A21D2EC5F0550010F99D /* NotificationSettingsView.swift */ = {isa = PBXFileReference; lastKnownFileType = sourcecode.swift; path = NotificationSettingsView.swift; sourceTree = "<group>"; };
		F3A0A21E2EC5F0550010F99D /* PrayerTimesView.swift */ = {isa = PBXFileReference; lastKnownFileType = sourcecode.swift; path = PrayerTimesView.swift; sourceTree = "<group>"; };
		F3A0A21F2EC5F0550010F99D /* QiblaCompassView.swift */ = {isa = PBXFileReference; lastKnownFileType = sourcecode.swift; path = QiblaCompassView.swift; sourceTree = "<group>"; };
		F3A0A2202EC5F0550010F99D /* SettingsView.swift */ = {isa = PBXFileReference; lastKnownFileType = sourcecode.swift; path = SettingsView.swift; sourceTree = "<group>"; };
		F3A0A2292EC5F0900010F99D /* ThemeManager.swift */ = {isa = PBXFileReference; lastKnownFileType = sourcecode.swift; path = ThemeManager.swift; sourceTree = "<group>"; };
		F3DB2E962EB6D4650021DEC8 /* CentralMosqueRochdale.entitlements */ = {isa = PBXFileReference; lastKnownFileType = text.plist.entitlements; path = CentralMosqueRochdale.entitlements; sourceTree = "<group>"; };
		F3E183CC2EC5F610002BFDB9 /* ThemeManager.swift */ = {isa = PBXFileReference; lastKnownFileType = sourcecode.swift; path = ThemeManager.swift; sourceTree = "<group>"; };
		F3E183CF2EC6079D002BFDB9 /* MosqueEvents2025.json */ = {isa = PBXFileReference; lastKnownFileType = text.json; path = MosqueEvents2025.json; sourceTree = "<group>"; };
		F3E183D12EC60FB4002BFDB9 /* DonationProjects.json */ = {isa = PBXFileReference; lastKnownFileType = text.json; path = DonationProjects.json; sourceTree = "<group>"; };
		F3E183D32EC7744E002BFDB9 /* ExternalLinksView.swift */ = {isa = PBXFileReference; lastKnownFileType = sourcecode.swift; path = ExternalLinksView.swift; sourceTree = "<group>"; };
/* End PBXFileReference section */

/* Begin PBXFrameworksBuildPhase section */
		C001000000000000000003DD /* Frameworks */ = {
			isa = PBXFrameworksBuildPhase;
			buildActionMask = 2147483647;
			files = (
			);
			runOnlyForDeploymentPostprocessing = 0;
		};
/* End PBXFrameworksBuildPhase section */

/* Begin PBXGroup section */
		C001000000000000000003EE = {
			isa = PBXGroup;
			children = (
				C001000000000000000003FF /* CentralMosqueRochdale */,
				C001000000000000000004AA /* Products */,
			);
			sourceTree = "<group>";
		};
		C001000000000000000003FF /* CentralMosqueRochdale */ = {
			isa = PBXGroup;
			children = (
				F3E183CD2EC5F610002BFDB9 /* ViewModels */,
				F3A0A22A2EC5F0900010F99D /* Models */,
				F3A0A2212EC5F0550010F99D /* Views */,
				F3A0A2182EC55A660010F99D /* Resources */,
				F3DB2E962EB6D4650021DEC8 /* CentralMosqueRochdale.entitlements */,
				C001000000000000000001BB /* CentralMosqueRochdaleApp.swift */,
				C001000000000000000001FF /* Assets.xcassets */,
				C001000000000000000003CC /* Info.plist */,
				C001000000000000000004BB /* Preview Content */,
			);
			path = CentralMosqueRochdale;
			sourceTree = "<group>";
		};
		C001000000000000000004AA /* Products */ = {
			isa = PBXGroup;
			children = (
				C001000000000000000003AA /* CentralMosqueRochdale.app */,
			);
			name = Products;
			sourceTree = "<group>";
		};
		C001000000000000000004BB /* Preview Content */ = {
			isa = PBXGroup;
			children = (
				C001000000000000000002BB /* Preview Assets.xcassets */,
			);
			path = "Preview Content";
			sourceTree = "<group>";
		};
		F3A0A2182EC55A660010F99D /* Resources */ = {
			isa = PBXGroup;
			children = (
				F3E183D12EC60FB4002BFDB9 /* DonationProjects.json */,
				F3E183CF2EC6079D002BFDB9 /* MosqueEvents2025.json */,
				F3A0A2172EC55A660010F99D /* PrayerTimes2025.json */,
			);
			path = Resources;
			sourceTree = "<group>";
		};
		F3A0A2212EC5F0550010F99D /* Views */ = {
			isa = PBXGroup;
			children = (
				F3E183D32EC7744E002BFDB9 /* ExternalLinksView.swift */,
				F3A0A21A2EC5F0550010F99D /* DonationView.swift */,
				F3A0A21B2EC5F0550010F99D /* EventSubscriptionView.swift */,
				F3A0A21C2EC5F0550010F99D /* MosqueEventsView.swift */,
				F3A0A21D2EC5F0550010F99D /* NotificationSettingsView.swift */,
				F3A0A21E2EC5F0550010F99D /* PrayerTimesView.swift */,
				F3A0A21F2EC5F0550010F99D /* QiblaCompassView.swift */,
				F3A0A2202EC5F0550010F99D /* SettingsView.swift */,
				C001000000000000000001DD /* ContentView.swift */,
			);
			path = Views;
			sourceTree = "<group>";
		};
		F3A0A22A2EC5F0900010F99D /* Models */ = {
			isa = PBXGroup;
			children = (
				F3A0A2292EC5F0900010F99D /* ThemeManager.swift */,
			);
			path = Models;
			sourceTree = "<group>";
		};
		F3E183CD2EC5F610002BFDB9 /* ViewModels */ = {
			isa = PBXGroup;
			children = (
				F3E183CC2EC5F610002BFDB9 /* ThemeManager.swift */,
			);
			path = ViewModels;
			sourceTree = "<group>";
		};
/* End PBXGroup section */

/* Begin PBXNativeTarget section */
		C001000000000000000004CC /* CentralMosqueRochdale */ = {
			isa = PBXNativeTarget;
			buildConfigurationList = C001000000000000000004DD /* Build configuration list for PBXNativeTarget "CentralMosqueRochdale" */;
			buildPhases = (
				C001000000000000000004EE /* Sources */,
				C001000000000000000003DD /* Frameworks */,
				C001000000000000000004FF /* Resources */,
			);
			buildRules = (
			);
			dependencies = (
			);
			name = CentralMosqueRochdale;
			productName = CentralMosqueRochdale;
			productReference = C001000000000000000003AA /* CentralMosqueRochdale.app */;
			productType = "com.apple.product-type.application";
		};
/* End PBXNativeTarget section */

/* Begin PBXProject section */
		C00100000000000000000500 /* Project object */ = {
			isa = PBXProject;
			attributes = {
				BuildIndependentTargetsInParallel = 1;
				LastSwiftUpdateCheck = 1500;
				LastUpgradeCheck = 2600;
				TargetAttributes = {
					C001000000000000000004CC = {
						CreatedOnToolsVersion = 15.0;
					};
				};
			};
			buildConfigurationList = C00100000000000000000511 /* Build configuration list for PBXProject "CentralMosqueRochdale" */;
			compatibilityVersion = "Xcode 14.0";
			developmentRegion = en;
			hasScannedForEncodings = 0;
			knownRegions = (
				en,
				Base,
			);
			mainGroup = C001000000000000000003EE;
			productRefGroup = C001000000000000000004AA /* Products */;
			projectDirPath = "";
			projectRoot = "";
			targets = (
				C001000000000000000004CC /* CentralMosqueRochdale */,
			);
		};
/* End PBXProject section */

/* Begin PBXResourcesBuildPhase section */
		C001000000000000000004FF /* Resources */ = {
			isa = PBXResourcesBuildPhase;
			buildActionMask = 2147483647;
			files = (
				C001000000000000000002AA /* Preview Assets.xcassets in Resources */,
				F3E183D02EC6079D002BFDB9 /* MosqueEvents2025.json in Resources */,
				C001000000000000000001EE /* Assets.xcassets in Resources */,
				F3A0A2192EC55A660010F99D /* PrayerTimes2025.json in Resources */,
				F3E183D22EC60FB4002BFDB9 /* DonationProjects.json in Resources */,
			);
			runOnlyForDeploymentPostprocessing = 0;
		};
/* End PBXResourcesBuildPhase section */

/* Begin PBXSourcesBuildPhase section */
		C001000000000000000004EE /* Sources */ = {
			isa = PBXSourcesBuildPhase;
			buildActionMask = 2147483647;
			files = (
				C001000000000000000001CC /* ContentView.swift in Sources */,
				F3A0A2222EC5F0550010F99D /* EventSubscriptionView.swift in Sources */,
				F3A0A2232EC5F0550010F99D /* NotificationSettingsView.swift in Sources */,
				F3A0A2242EC5F0550010F99D /* SettingsView.swift in Sources */,
				F3A0A2252EC5F0550010F99D /* PrayerTimesView.swift in Sources */,
				F3A0A2262EC5F0550010F99D /* MosqueEventsView.swift in Sources */,
				F3A0A2272EC5F0550010F99D /* DonationView.swift in Sources */,
				F3A0A2282EC5F0550010F99D /* QiblaCompassView.swift in Sources */,
				F3E183D42EC7744E002BFDB9 /* ExternalLinksView.swift in Sources */,
				C001000000000000000001AA /* CentralMosqueRochdaleApp.swift in Sources */,
				F3E183CE2EC5F611002BFDB9 /* ThemeManager.swift in Sources */,
			);
			runOnlyForDeploymentPostprocessing = 0;
		};
/* End PBXSourcesBuildPhase section */

/* Begin XCBuildConfiguration section */
		C00100000000000000000522 /* Debug */ = {
			isa = XCBuildConfiguration;
			buildSettings = {
				ALWAYS_SEARCH_USER_PATHS = NO;
				ASSETCATALOG_COMPILER_GENERATE_SWIFT_ASSET_SYMBOL_EXTENSIONS = YES;
				CLANG_ANALYZER_NONNULL = YES;
				CLANG_ANALYZER_NUMBER_OBJECT_CONVERSION = YES_AGGRESSIVE;
				CLANG_CXX_LANGUAGE_STANDARD = "gnu++20";
				CLANG_ENABLE_MODULES = YES;
				CLANG_ENABLE_OBJC_ARC = YES;
				CLANG_ENABLE_OBJC_WEAK = YES;
				CLANG_WARN_BLOCK_CAPTURE_AUTORELEASING = YES;
				CLANG_WARN_BOOL_CONVERSION = YES;
				CLANG_WARN_COMMA = YES;
				CLANG_WARN_CONSTANT_CONVERSION = YES;
				CLANG_WARN_DEPRECATED_OBJC_IMPLEMENTATIONS = YES;
				CLANG_WARN_DIRECT_OBJC_ISA_USAGE = YES_ERROR;
				CLANG_WARN_DOCUMENTATION_COMMENTS = YES;
				CLANG_WARN_EMPTY_BODY = YES;
				CLANG_WARN_ENUM_CONVERSION = YES;
				CLANG_WARN_INFINITE_RECURSION = YES;
				CLANG_WARN_INT_CONVERSION = YES;
				CLANG_WARN_NON_LITERAL_NULL_CONVERSION = YES;
				CLANG_WARN_OBJC_IMPLICIT_RETAIN_SELF = YES;
				CLANG_WARN_OBJC_LITERAL_CONVERSION = YES;
				CLANG_WARN_OBJC_ROOT_CLASS = YES_ERROR;
				CLANG_WARN_QUOTED_INCLUDE_IN_FRAMEWORK_HEADER = YES;
				CLANG_WARN_RANGE_LOOP_ANALYSIS = YES;
				CLANG_WARN_STRICT_PROTOTYPES = YES;
				CLANG_WARN_SUSPICIOUS_MOVE = YES;
				CLANG_WARN_UNGUARDED_AVAILABILITY = YES_AGGRESSIVE;
				CLANG_WARN_UNREACHABLE_CODE = YES;
				CLANG_WARN__DUPLICATE_METHOD_MATCH = YES;
				COPY_PHASE_STRIP = NO;
				DEBUG_INFORMATION_FORMAT = dwarf;
				DEVELOPMENT_TEAM = M3TAG5VJQB;
				ENABLE_STRICT_OBJC_MSGSEND = YES;
				ENABLE_TESTABILITY = YES;
				ENABLE_USER_SCRIPT_SANDBOXING = YES;
				GCC_C_LANGUAGE_STANDARD = gnu17;
				GCC_DYNAMIC_NO_PIC = NO;
				GCC_NO_COMMON_BLOCKS = YES;
				GCC_OPTIMIZATION_LEVEL = 0;
				GCC_PREPROCESSOR_DEFINITIONS = (
					"DEBUG=1",
					"$(inherited)",
				);
				GCC_WARN_64_TO_32_BIT_CONVERSION = YES;
				GCC_WARN_ABOUT_RETURN_TYPE = YES_ERROR;
				GCC_WARN_UNDECLARED_SELECTOR = YES;
				GCC_WARN_UNINITIALIZED_AUTOS = YES_AGGRESSIVE;
				GCC_WARN_UNUSED_FUNCTION = YES;
				GCC_WARN_UNUSED_VARIABLE = YES;
				IPHONEOS_DEPLOYMENT_TARGET = 26.0;
				LOCALIZATION_PREFERS_STRING_CATALOGS = YES;
				MTL_ENABLE_DEBUG_INFO = INCLUDE_SOURCE;
				MTL_FAST_MATH = YES;
				ONLY_ACTIVE_ARCH = YES;
				SDKROOT = iphoneos;
				STRING_CATALOG_GENERATE_SYMBOLS = YES;
				SWIFT_ACTIVE_COMPILATION_CONDITIONS = "DEBUG $(inherited)";
				SWIFT_OPTIMIZATION_LEVEL = "-Onone";
			};
			name = Debug;
		};
		C00100000000000000000533 /* Release */ = {
			isa = XCBuildConfiguration;
			buildSettings = {
				ALWAYS_SEARCH_USER_PATHS = NO;
				ASSETCATALOG_COMPILER_GENERATE_SWIFT_ASSET_SYMBOL_EXTENSIONS = YES;
				CLANG_ANALYZER_NONNULL = YES;
				CLANG_ANALYZER_NUMBER_OBJECT_CONVERSION = YES_AGGRESSIVE;
				CLANG_CXX_LANGUAGE_STANDARD = "gnu++20";
				CLANG_ENABLE_MODULES = YES;
				CLANG_ENABLE_OBJC_ARC = YES;
				CLANG_ENABLE_OBJC_WEAK = YES;
				CLANG_WARN_BLOCK_CAPTURE_AUTORELEASING = YES;
				CLANG_WARN_BOOL_CONVERSION = YES;
				CLANG_WARN_COMMA = YES;
				CLANG_WARN_CONSTANT_CONVERSION = YES;
				CLANG_WARN_DEPRECATED_OBJC_IMPLEMENTATIONS = YES;
				CLANG_WARN_DIRECT_OBJC_ISA_USAGE = YES_ERROR;
				CLANG_WARN_DOCUMENTATION_COMMENTS = YES;
				CLANG_WARN_EMPTY_BODY = YES;
				CLANG_WARN_ENUM_CONVERSION = YES;
				CLANG_WARN_INFINITE_RECURSION = YES;
				CLANG_WARN_INT_CONVERSION = YES;
				CLANG_WARN_NON_LITERAL_NULL_CONVERSION = YES;
				CLANG_WARN_OBJC_IMPLICIT_RETAIN_SELF = YES;
				CLANG_WARN_OBJC_LITERAL_CONVERSION = YES;
				CLANG_WARN_OBJC_ROOT_CLASS = YES_ERROR;
				CLANG_WARN_QUOTED_INCLUDE_IN_FRAMEWORK_HEADER = YES;
				CLANG_WARN_RANGE_LOOP_ANALYSIS = YES;
				CLANG_WARN_STRICT_PROTOTYPES = YES;
				CLANG_WARN_SUSPICIOUS_MOVE = YES;
				CLANG_WARN_UNGUARDED_AVAILABILITY = YES_AGGRESSIVE;
				CLANG_WARN_UNREACHABLE_CODE = YES;
				CLANG_WARN__DUPLICATE_METHOD_MATCH = YES;
				COPY_PHASE_STRIP = NO;
				DEBUG_INFORMATION_FORMAT = "dwarf-with-dsym";
				DEVELOPMENT_TEAM = M3TAG5VJQB;
				ENABLE_NS_ASSERTIONS = NO;
				ENABLE_STRICT_OBJC_MSGSEND = YES;
				ENABLE_USER_SCRIPT_SANDBOXING = YES;
				GCC_C_LANGUAGE_STANDARD = gnu17;
				GCC_NO_COMMON_BLOCKS = YES;
				GCC_WARN_64_TO_32_BIT_CONVERSION = YES;
				GCC_WARN_ABOUT_RETURN_TYPE = YES_ERROR;
				GCC_WARN_UNDECLARED_SELECTOR = YES;
				GCC_WARN_UNINITIALIZED_AUTOS = YES_AGGRESSIVE;
				GCC_WARN_UNUSED_FUNCTION = YES;
				GCC_WARN_UNUSED_VARIABLE = YES;
				IPHONEOS_DEPLOYMENT_TARGET = 26.0;
				LOCALIZATION_PREFERS_STRING_CATALOGS = YES;
				MTL_ENABLE_DEBUG_INFO = NO;
				MTL_FAST_MATH = YES;
				SDKROOT = iphoneos;
				STRING_CATALOG_GENERATE_SYMBOLS = YES;
				SWIFT_COMPILATION_MODE = wholemodule;
				VALIDATE_PRODUCT = YES;
			};
			name = Release;
		};
		C00100000000000000000544 /* Debug */ = {
			isa = XCBuildConfiguration;
			buildSettings = {
				ASSETCATALOG_COMPILER_APPICON_NAME = AppIcon;
				ASSETCATALOG_COMPILER_GLOBAL_ACCENT_COLOR_NAME = AccentColor;
				CODE_SIGN_ALLOW_ENTITLEMENTS_MODIFICATION = YES;
				CODE_SIGN_ENTITLEMENTS = CentralMosqueRochdale/CentralMosqueRochdale.entitlements;
				CODE_SIGN_IDENTITY = "Apple Development";
				CODE_SIGN_STYLE = Automatic;
				CURRENT_PROJECT_VERSION = 1;
				DEVELOPMENT_ASSET_PATHS = "\"CentralMosqueRochdale/Preview Content\"";
				DEVELOPMENT_TEAM = M3TAG5VJQB;
				ENABLE_PREVIEWS = YES;
				GENERATE_INFOPLIST_FILE = NO;
				INFOPLIST_FILE = CentralMosqueRochdale/Info.plist;
				INFOPLIST_KEY_CFBundleDisplayName = "Central Mosque Rochdale";
				INFOPLIST_KEY_LSApplicationCategoryType = "public.app-category.entertainment";
				INFOPLIST_KEY_UIApplicationSceneManifest_Generation = YES;
				INFOPLIST_KEY_UIApplicationSupportsIndirectInputEvents = YES;
				INFOPLIST_KEY_UILaunchScreen_Generation = YES;
				INFOPLIST_KEY_UISupportedInterfaceOrientations = "UIInterfaceOrientationPortrait UIInterfaceOrientationLandscapeLeft UIInterfaceOrientationLandscapeRight";
				INFOPLIST_KEY_UISupportedInterfaceOrientations_iPad = "UIInterfaceOrientationPortrait UIInterfaceOrientationPortraitUpsideDown UIInterfaceOrientationLandscapeLeft UIInterfaceOrientationLandscapeRight";
				LD_RUNPATH_SEARCH_PATHS = (
					"$(inherited)",
					"@executable_path/Frameworks",
				);
				MARKETING_VERSION = 1.0;
				PRODUCT_BUNDLE_IDENTIFIER = com.centralmosque.rochdale;
				PRODUCT_NAME = "$(TARGET_NAME)";
				PROVISIONING_PROFILE_SPECIFIER = "";
				SWIFT_EMIT_LOC_STRINGS = YES;
				SWIFT_VERSION = 5.0;
				TARGETED_DEVICE_FAMILY = "1,2";
			};
			name = Debug;
		};
		C00100000000000000000555 /* Release */ = {
			isa = XCBuildConfiguration;
			buildSettings = {
				ASSETCATALOG_COMPILER_APPICON_NAME = AppIcon;
				ASSETCATALOG_COMPILER_GLOBAL_ACCENT_COLOR_NAME = AccentColor;
				CODE_SIGN_ALLOW_ENTITLEMENTS_MODIFICATION = YES;
				CODE_SIGN_ENTITLEMENTS = CentralMosqueRochdale/CentralMosqueRochdale.entitlements;
				CODE_SIGN_IDENTITY = "Apple Development";
				CODE_SIGN_STYLE = Automatic;
				CURRENT_PROJECT_VERSION = 1;
				DEVELOPMENT_ASSET_PATHS = "\"CentralMosqueRochdale/Preview Content\"";
				DEVELOPMENT_TEAM = M3TAG5VJQB;
				ENABLE_PREVIEWS = YES;
				GENERATE_INFOPLIST_FILE = NO;
				INFOPLIST_FILE = CentralMosqueRochdale/Info.plist;
				INFOPLIST_KEY_CFBundleDisplayName = "Central Mosque Rochdale";
				INFOPLIST_KEY_LSApplicationCategoryType = "public.app-category.entertainment";
				INFOPLIST_KEY_UIApplicationSceneManifest_Generation = YES;
				INFOPLIST_KEY_UIApplicationSupportsIndirectInputEvents = YES;
				INFOPLIST_KEY_UILaunchScreen_Generation = YES;
				INFOPLIST_KEY_UISupportedInterfaceOrientations = "UIInterfaceOrientationPortrait UIInterfaceOrientationLandscapeLeft UIInterfaceOrientationLandscapeRight";
				INFOPLIST_KEY_UISupportedInterfaceOrientations_iPad = "UIInterfaceOrientationPortrait UIInterfaceOrientationPortraitUpsideDown UIInterfaceOrientationLandscapeLeft UIInterfaceOrientationLandscapeRight";
				LD_RUNPATH_SEARCH_PATHS = (
					"$(inherited)",
					"@executable_path/Frameworks",
				);
				MARKETING_VERSION = 1.0;
				MTL_ENABLE_DEBUG_INFO = YES;
				PRODUCT_BUNDLE_IDENTIFIER = com.centralmosque.rochdale;
				PRODUCT_NAME = "$(TARGET_NAME)";
				PROVISIONING_PROFILE_SPECIFIER = "";
				SWIFT_EMIT_LOC_STRINGS = YES;
				SWIFT_VERSION = 5.0;
				TARGETED_DEVICE_FAMILY = "1,2";
			};
			name = Release;
		};
/* End XCBuildConfiguration section */

/* Begin XCConfigurationList section */
		C001000000000000000004DD /* Build configuration list for PBXNativeTarget "CentralMosqueRochdale" */ = {
			isa = XCConfigurationList;
			buildConfigurations = (
				C00100000000000000000544 /* Debug */,
				C00100000000000000000555 /* Release */,
			);
			defaultConfigurationIsVisible = 0;
			defaultConfigurationName = Debug;
		};
		C00100000000000000000511 /* Build configuration list for PBXProject "CentralMosqueRochdale" */ = {
			isa = XCConfigurationList;
			buildConfigurations = (
				C00100000000000000000522 /* Debug */,
				C00100000000000000000533 /* Release */,
			);
			defaultConfigurationIsVisible = 0;
			defaultConfigurationName = Debug;
		};
/* End XCConfigurationList section */
	};
	rootObject = C00100000000000000000500 /* Project object */;
}
